
Microsoft Visual Studio Solution File, Format Version 12.00
# Visual Studio Version 17
VisualStudioVersion = 17.7.34031.279
MinimumVisualStudioVersion = 10.0.40219.1
Project("{FAE04EC0-301F-11D3-BF4B-00C04F79EFBC}") = "MyPlantDiary24FS7024003", "MyPlantDiary24FS7024003\MyPlantDiary24FS7024003.csproj", "{571EB3F9-E48E-4282-A087-D32C773414D4}"
EndProject
Global
	GlobalSection(SolutionConfigurationPlatforms) = preSolution
		Debug|Any CPU = Debug|Any CPU
		Release|Any CPU = Release|Any CPU
	EndGlobalSection
	GlobalSection(ProjectConfigurationPlatforms) = postSolution
		{571EB3F9-E48E-4282-A087-D32C773414D4}.Debug|Any CPU.ActiveCfg = Debug|Any CPU
		{571EB3F9-E48E-4282-A087-D32C773414D4}.Debug|Any CPU.Build.0 = Debug|Any CPU
		{571EB3F9-E48E-4282-A087-D32C773414D4}.Release|Any CPU.ActiveCfg = Release|Any CPU
		{571EB3F9-E48E-4282-A087-D32C773414D4}.Release|Any CPU.Build.0 = Release|Any CPU
	EndGlobalSection
	GlobalSection(SolutionProperties) = preSolution
		HideSolutionNode = FALSE
	EndGlobalSection
	GlobalSection(ExtensibilityGlobals) = postSolution
		SolutionGuid = {E8B75593-41B5-4E95-B0EA-45BC4F8CF134}
	EndGlobalSection
EndGlobal
